# THIS IS AN AUTOGENERATED FILE. DO NOT EDIT THIS FILE DIRECTLY.
# yarn lockfile v1


sinusbot-scripting-engine@^1.0.12:
  version "1.0.12"
  resolved "https://registry.yarnpkg.com/sinusbot-scripting-engine/-/sinusbot-scripting-engine-1.0.12.tgz#80f633641730db4993165f835ad2238bf277552f"
  integrity sha512-pxoUawvCEweaSY8ytZzG++Af9KoNkCwxH0e1ETDSy/+rEbvBr16VA/vl9vfcg3ytYL3E3BnhngT+AphU4WlTCA==
